// !$*UTF8*$!
{
	archiveVersion = 1;
	classes = {
	};
	objectVersion = 56;
	objects = {

/* Begin PBXBuildFile section */
		1FF29AE905B9506859D1FC79 /* Pods_MarkStream.framework in Frameworks */ = {isa = PBXBuildFile; fileRef = 5A54FCEA6ED7B3EFC2162CFD /* Pods_MarkStream.framework */; };
		6A37D5132C376FA7002AFD0A /* MarkdownFileView.swift in Sources */ = {isa = PBXBuildFile; fileRef = 6A37D5122C376FA7002AFD0A /* MarkdownFileView.swift */; };
		6A37D5152C376FB9002AFD0A /* MarkdownFileHeaderView.swift in Sources */ = {isa = PBXBuildFile; fileRef = 6A37D5142C376FB9002AFD0A /* MarkdownFileHeaderView.swift */; };
		6A37D5172C3771D0002AFD0A /* MarkdownFileContentView.swift in Sources */ = {isa = PBXBuildFile; fileRef = 6A37D5162C3771D0002AFD0A /* MarkdownFileContentView.swift */; };
		6A37D51A2C3773E3002AFD0A /* MarkdownContentListView.swift in Sources */ = {isa = PBXBuildFile; fileRef = 6A37D5192C3773E3002AFD0A /* MarkdownContentListView.swift */; };
		6A37D51C2C377440002AFD0A /* MarkdownContentOtherView.swift in Sources */ = {isa = PBXBuildFile; fileRef = 6A37D51B2C377440002AFD0A /* MarkdownContentOtherView.swift */; };
		6A8BC2842C337D3B00200875 /* MainView.swift in Sources */ = {isa = PBXBuildFile; fileRef = 6A8BC2832C337D3B00200875 /* MainView.swift */; };
		6A8BC2882C33A7FE00200875 /* KeychainManager.swift in Sources */ = {isa = PBXBuildFile; fileRef = 6A8BC2872C33A7FE00200875 /* KeychainManager.swift */; };
		6A8BC28A2C33AF3500200875 /* ObsidianRequester.swift in Sources */ = {isa = PBXBuildFile; fileRef = 6A8BC2892C33AF3500200875 /* ObsidianRequester.swift */; };
		6A8BC2912C3651B000200875 /* ObsidianRequester.swift in Sources */ = {isa = PBXBuildFile; fileRef = 6A8BC2892C33AF3500200875 /* ObsidianRequester.swift */; };
		6A8BC2922C3651B300200875 /* KeychainManager.swift in Sources */ = {isa = PBXBuildFile; fileRef = 6A8BC2872C33A7FE00200875 /* KeychainManager.swift */; };
		6A8BC2992C365AF100200875 /* TokenGranterTests.swift in Sources */ = {isa = PBXBuildFile; fileRef = 6AF76F4A2C311468000F58B8 /* TokenGranterTests.swift */; };
		6ADA4F302C310C540057C65D /* MarkStreamApp.swift in Sources */ = {isa = PBXBuildFile; fileRef = 6ADA4F2F2C310C540057C65D /* MarkStreamApp.swift */; };
		6ADA4F322C310C540057C65D /* Persistence.swift in Sources */ = {isa = PBXBuildFile; fileRef = 6ADA4F312C310C540057C65D /* Persistence.swift */; };
		6ADA4F352C310C540057C65D /* MarkStream.xcdatamodeld in Sources */ = {isa = PBXBuildFile; fileRef = 6ADA4F332C310C540057C65D /* MarkStream.xcdatamodeld */; };
		6ADA4F372C310C540057C65D /* LoginView.swift in Sources */ = {isa = PBXBuildFile; fileRef = 6ADA4F362C310C540057C65D /* LoginView.swift */; };
		6ADA4F392C310C550057C65D /* Assets.xcassets in Resources */ = {isa = PBXBuildFile; fileRef = 6ADA4F382C310C550057C65D /* Assets.xcassets */; };
		6ADA4F3D2C310C550057C65D /* Preview Assets.xcassets in Resources */ = {isa = PBXBuildFile; fileRef = 6ADA4F3C2C310C550057C65D /* Preview Assets.xcassets */; };
		6ADA4F472C310C560057C65D /* MarkStreamTests.swift in Sources */ = {isa = PBXBuildFile; fileRef = 6ADA4F462C310C560057C65D /* MarkStreamTests.swift */; };
		6ADA4F512C310C560057C65D /* MarkStreamUITests.swift in Sources */ = {isa = PBXBuildFile; fileRef = 6ADA4F502C310C560057C65D /* MarkStreamUITests.swift */; };
		6ADA4F532C310C560057C65D /* MarkStreamUITestsLaunchTests.swift in Sources */ = {isa = PBXBuildFile; fileRef = 6ADA4F522C310C560057C65D /* MarkStreamUITestsLaunchTests.swift */; };
		6ADA4F612C310E5A0057C65D /* TokenGranter.swift in Sources */ = {isa = PBXBuildFile; fileRef = 6ADA4F602C310E5A0057C65D /* TokenGranter.swift */; };
		6ADA4F622C310E5A0057C65D /* TokenGranter.swift in Sources */ = {isa = PBXBuildFile; fileRef = 6ADA4F602C310E5A0057C65D /* TokenGranter.swift */; };
		6AFE8B062C377DAC00505FB4 /* MarkdownContentCodeBlockView.swift in Sources */ = {isa = PBXBuildFile; fileRef = 6AFE8B052C377DAC00505FB4 /* MarkdownContentCodeBlockView.swift */; };
		6AFE8B092C37875A00505FB4 /* LoadingView.swift in Sources */ = {isa = PBXBuildFile; fileRef = 6AFE8B082C37875A00505FB4 /* LoadingView.swift */; };
		DBF54C8F88CE1A6935537536 /* Pods_MarkStreamTests.framework in Frameworks */ = {isa = PBXBuildFile; fileRef = 307F8E4592169F875B6DB278 /* Pods_MarkStreamTests.framework */; };
		DC0AAF555E8BF0FC918EE8BE /* Pods_MarkStream_MarkStreamUITests.framework in Frameworks */ = {isa = PBXBuildFile; fileRef = D27809D0FB8BF2A33A1821AF /* Pods_MarkStream_MarkStreamUITests.framework */; };
/* End PBXBuildFile section */

/* Begin PBXContainerItemProxy section */
		6ADA4F432C310C560057C65D /* PBXContainerItemProxy */ = {
			isa = PBXContainerItemProxy;
			containerPortal = 6ADA4F242C310C540057C65D /* Project object */;
			proxyType = 1;
			remoteGlobalIDString = 6ADA4F2B2C310C540057C65D;
			remoteInfo = MarkStream;
		};
		6ADA4F4D2C310C560057C65D /* PBXContainerItemProxy */ = {
			isa = PBXContainerItemProxy;
			containerPortal = 6ADA4F242C310C540057C65D /* Project object */;
			proxyType = 1;
			remoteGlobalIDString = 6ADA4F2B2C310C540057C65D;
			remoteInfo = MarkStream;
		};
/* End PBXContainerItemProxy section */

/* Begin PBXFileReference section */
		15AA06276152C7CEDBAC5B4F /* Pods-MarkStreamTests.debug.xcconfig */ = {isa = PBXFileReference; includeInIndex = 1; lastKnownFileType = text.xcconfig; name = "Pods-MarkStreamTests.debug.xcconfig"; path = "Target Support Files/Pods-MarkStreamTests/Pods-MarkStreamTests.debug.xcconfig"; sourceTree = "<group>"; };
		307F8E4592169F875B6DB278 /* Pods_MarkStreamTests.framework */ = {isa = PBXFileReference; explicitFileType = wrapper.framework; includeInIndex = 0; path = Pods_MarkStreamTests.framework; sourceTree = BUILT_PRODUCTS_DIR; };
		48B428BFD14EBCAE45E4E651 /* Pods-MarkStream-MarkStreamUITests.debug.xcconfig */ = {isa = PBXFileReference; includeInIndex = 1; lastKnownFileType = text.xcconfig; name = "Pods-MarkStream-MarkStreamUITests.debug.xcconfig"; path = "Target Support Files/Pods-MarkStream-MarkStreamUITests/Pods-MarkStream-MarkStreamUITests.debug.xcconfig"; sourceTree = "<group>"; };
		5A54FCEA6ED7B3EFC2162CFD /* Pods_MarkStream.framework */ = {isa = PBXFileReference; explicitFileType = wrapper.framework; includeInIndex = 0; path = Pods_MarkStream.framework; sourceTree = BUILT_PRODUCTS_DIR; };
		6A37D5122C376FA7002AFD0A /* MarkdownFileView.swift */ = {isa = PBXFileReference; lastKnownFileType = sourcecode.swift; name = MarkdownFileView.swift; path = MarkdownViews/MarkdownFileView.swift; sourceTree = "<group>"; };
		6A37D5142C376FB9002AFD0A /* MarkdownFileHeaderView.swift */ = {isa = PBXFileReference; lastKnownFileType = sourcecode.swift; path = MarkdownFileHeaderView.swift; sourceTree = "<group>"; };
		6A37D5162C3771D0002AFD0A /* MarkdownFileContentView.swift */ = {isa = PBXFileReference; lastKnownFileType = sourcecode.swift; path = MarkdownFileContentView.swift; sourceTree = "<group>"; };
		6A37D5192C3773E3002AFD0A /* MarkdownContentListView.swift */ = {isa = PBXFileReference; lastKnownFileType = sourcecode.swift; path = MarkdownContentListView.swift; sourceTree = "<group>"; };
		6A37D51B2C377440002AFD0A /* MarkdownContentOtherView.swift */ = {isa = PBXFileReference; lastKnownFileType = sourcecode.swift; path = MarkdownContentOtherView.swift; sourceTree = "<group>"; };
		6A8BC2832C337D3B00200875 /* MainView.swift */ = {isa = PBXFileReference; lastKnownFileType = sourcecode.swift; path = MainView.swift; sourceTree = "<group>"; };
		6A8BC2872C33A7FE00200875 /* KeychainManager.swift */ = {isa = PBXFileReference; lastKnownFileType = sourcecode.swift; path = KeychainManager.swift; sourceTree = "<group>"; };
		6A8BC2892C33AF3500200875 /* ObsidianRequester.swift */ = {isa = PBXFileReference; lastKnownFileType = sourcecode.swift; path = ObsidianRequester.swift; sourceTree = "<group>"; };
		6A8BC28F2C36509A00200875 /* local.config */ = {isa = PBXFileReference; lastKnownFileType = text; path = local.config; sourceTree = "<group>"; };
		6ADA4F2C2C310C540057C65D /* MarkStream.app */ = {isa = PBXFileReference; explicitFileType = wrapper.application; includeInIndex = 0; path = MarkStream.app; sourceTree = BUILT_PRODUCTS_DIR; };
		6ADA4F2F2C310C540057C65D /* MarkStreamApp.swift */ = {isa = PBXFileReference; lastKnownFileType = sourcecode.swift; path = MarkStreamApp.swift; sourceTree = "<group>"; };
		6ADA4F312C310C540057C65D /* Persistence.swift */ = {isa = PBXFileReference; lastKnownFileType = sourcecode.swift; path = Persistence.swift; sourceTree = "<group>"; };
		6ADA4F342C310C540057C65D /* MarkStream.xcdatamodel */ = {isa = PBXFileReference; lastKnownFileType = wrapper.xcdatamodel; path = MarkStream.xcdatamodel; sourceTree = "<group>"; };
		6ADA4F362C310C540057C65D /* LoginView.swift */ = {isa = PBXFileReference; lastKnownFileType = sourcecode.swift; path = LoginView.swift; sourceTree = "<group>"; };
		6ADA4F382C310C550057C65D /* Assets.xcassets */ = {isa = PBXFileReference; lastKnownFileType = folder.assetcatalog; path = Assets.xcassets; sourceTree = "<group>"; };
		6ADA4F3A2C310C550057C65D /* MarkStream.entitlements */ = {isa = PBXFileReference; lastKnownFileType = text.plist.entitlements; path = MarkStream.entitlements; sourceTree = "<group>"; };
		6ADA4F3C2C310C550057C65D /* Preview Assets.xcassets */ = {isa = PBXFileReference; lastKnownFileType = folder.assetcatalog; path = "Preview Assets.xcassets"; sourceTree = "<group>"; };
		6ADA4F422C310C560057C65D /* MarkStreamTests.xctest */ = {isa = PBXFileReference; explicitFileType = wrapper.cfbundle; includeInIndex = 0; path = MarkStreamTests.xctest; sourceTree = BUILT_PRODUCTS_DIR; };
		6ADA4F462C310C560057C65D /* MarkStreamTests.swift */ = {isa = PBXFileReference; lastKnownFileType = sourcecode.swift; path = MarkStreamTests.swift; sourceTree = "<group>"; };
		6ADA4F4C2C310C560057C65D /* MarkStreamUITests.xctest */ = {isa = PBXFileReference; explicitFileType = wrapper.cfbundle; includeInIndex = 0; path = MarkStreamUITests.xctest; sourceTree = BUILT_PRODUCTS_DIR; };
		6ADA4F502C310C560057C65D /* MarkStreamUITests.swift */ = {isa = PBXFileReference; lastKnownFileType = sourcecode.swift; path = MarkStreamUITests.swift; sourceTree = "<group>"; };
		6ADA4F522C310C560057C65D /* MarkStreamUITestsLaunchTests.swift */ = {isa = PBXFileReference; lastKnownFileType = sourcecode.swift; path = MarkStreamUITestsLaunchTests.swift; sourceTree = "<group>"; };
		6ADA4F602C310E5A0057C65D /* TokenGranter.swift */ = {isa = PBXFileReference; lastKnownFileType = sourcecode.swift; path = TokenGranter.swift; sourceTree = "<group>"; };
		6AF76F4A2C311468000F58B8 /* TokenGranterTests.swift */ = {isa = PBXFileReference; lastKnownFileType = sourcecode.swift; path = TokenGranterTests.swift; sourceTree = "<group>"; };
		6AF76F4C2C311608000F58B8 /* Alamofire.framework */ = {isa = PBXFileReference; explicitFileType = wrapper.framework; path = Alamofire.framework; sourceTree = BUILT_PRODUCTS_DIR; };
		6AF76F502C311611000F58B8 /* Alamofire.framework */ = {isa = PBXFileReference; explicitFileType = wrapper.framework; path = Alamofire.framework; sourceTree = BUILT_PRODUCTS_DIR; };
		6AFE8B052C377DAC00505FB4 /* MarkdownContentCodeBlockView.swift */ = {isa = PBXFileReference; lastKnownFileType = sourcecode.swift; path = MarkdownContentCodeBlockView.swift; sourceTree = "<group>"; };
		6AFE8B082C37875A00505FB4 /* LoadingView.swift */ = {isa = PBXFileReference; lastKnownFileType = sourcecode.swift; path = LoadingView.swift; sourceTree = "<group>"; };
		806582BC9DF8465D37EAE670 /* Pods-MarkStream.debug.xcconfig */ = {isa = PBXFileReference; includeInIndex = 1; lastKnownFileType = text.xcconfig; name = "Pods-MarkStream.debug.xcconfig"; path = "Target Support Files/Pods-MarkStream/Pods-MarkStream.debug.xcconfig"; sourceTree = "<group>"; };
		821F68B22391712D4EE2D7BE /* Pods-MarkStream-MarkStreamUITests.release.xcconfig */ = {isa = PBXFileReference; includeInIndex = 1; lastKnownFileType = text.xcconfig; name = "Pods-MarkStream-MarkStreamUITests.release.xcconfig"; path = "Target Support Files/Pods-MarkStream-MarkStreamUITests/Pods-MarkStream-MarkStreamUITests.release.xcconfig"; sourceTree = "<group>"; };
		A182CC4C7CB8942A6458E17E /* Pods-MarkStreamTests.release.xcconfig */ = {isa = PBXFileReference; includeInIndex = 1; lastKnownFileType = text.xcconfig; name = "Pods-MarkStreamTests.release.xcconfig"; path = "Target Support Files/Pods-MarkStreamTests/Pods-MarkStreamTests.release.xcconfig"; sourceTree = "<group>"; };
		AF9879899CFE69097BE6A6C4 /* Pods-MarkStream.release.xcconfig */ = {isa = PBXFileReference; includeInIndex = 1; lastKnownFileType = text.xcconfig; name = "Pods-MarkStream.release.xcconfig"; path = "Target Support Files/Pods-MarkStream/Pods-MarkStream.release.xcconfig"; sourceTree = "<group>"; };
		D27809D0FB8BF2A33A1821AF /* Pods_MarkStream_MarkStreamUITests.framework */ = {isa = PBXFileReference; explicitFileType = wrapper.framework; includeInIndex = 0; path = Pods_MarkStream_MarkStreamUITests.framework; sourceTree = BUILT_PRODUCTS_DIR; };
/* End PBXFileReference section */

/* Begin PBXFrameworksBuildPhase section */
		6ADA4F292C310C540057C65D /* Frameworks */ = {
			isa = PBXFrameworksBuildPhase;
			buildActionMask = 2147483647;
			files = (
				1FF29AE905B9506859D1FC79 /* Pods_MarkStream.framework in Frameworks */,
			);
			runOnlyForDeploymentPostprocessing = 0;
		};
		6ADA4F3F2C310C560057C65D /* Frameworks */ = {
			isa = PBXFrameworksBuildPhase;
			buildActionMask = 2147483647;
			files = (
				DBF54C8F88CE1A6935537536 /* Pods_MarkStreamTests.framework in Frameworks */,
			);
			runOnlyForDeploymentPostprocessing = 0;
		};
		6ADA4F492C310C560057C65D /* Frameworks */ = {
			isa = PBXFrameworksBuildPhase;
			buildActionMask = 2147483647;
			files = (
				DC0AAF555E8BF0FC918EE8BE /* Pods_MarkStream_MarkStreamUITests.framework in Frameworks */,
			);
			runOnlyForDeploymentPostprocessing = 0;
		};
/* End PBXFrameworksBuildPhase section */

/* Begin PBXGroup section */
		1EFEB3CD4F82E1E41E4D2F29 /* Pods */ = {
			isa = PBXGroup;
			children = (
				806582BC9DF8465D37EAE670 /* Pods-MarkStream.debug.xcconfig */,
				AF9879899CFE69097BE6A6C4 /* Pods-MarkStream.release.xcconfig */,
				48B428BFD14EBCAE45E4E651 /* Pods-MarkStream-MarkStreamUITests.debug.xcconfig */,
				821F68B22391712D4EE2D7BE /* Pods-MarkStream-MarkStreamUITests.release.xcconfig */,
				15AA06276152C7CEDBAC5B4F /* Pods-MarkStreamTests.debug.xcconfig */,
				A182CC4C7CB8942A6458E17E /* Pods-MarkStreamTests.release.xcconfig */,
			);
			path = Pods;
			sourceTree = "<group>";
		};
		6A37D5112C376F7D002AFD0A /* MarkdownViews */ = {
			isa = PBXGroup;
			children = (
				6A37D5142C376FB9002AFD0A /* MarkdownFileHeaderView.swift */,
				6A37D5162C3771D0002AFD0A /* MarkdownFileContentView.swift */,
				6A37D5182C3773D2002AFD0A /* MarkdownContentViews */,
			);
			path = MarkdownViews;
			sourceTree = "<group>";
		};
		6A37D5182C3773D2002AFD0A /* MarkdownContentViews */ = {
			isa = PBXGroup;
			children = (
				6A37D5192C3773E3002AFD0A /* MarkdownContentListView.swift */,
				6AFE8B052C377DAC00505FB4 /* MarkdownContentCodeBlockView.swift */,
				6A37D51B2C377440002AFD0A /* MarkdownContentOtherView.swift */,
			);
			path = MarkdownContentViews;
			sourceTree = "<group>";
		};
		6A8BC2852C33A65F00200875 /* MainEntryView */ = {
			isa = PBXGroup;
			children = (
				6A37D5122C376FA7002AFD0A /* MarkdownFileView.swift */,
				6A37D5112C376F7D002AFD0A /* MarkdownViews */,
				6A8BC2832C337D3B00200875 /* MainView.swift */,
				6ADA4F362C310C540057C65D /* LoginView.swift */,
			);
			path = MainEntryView;
			sourceTree = "<group>";
		};
		6A8BC2862C33A7EF00200875 /* Utils */ = {
			isa = PBXGroup;
			children = (
				6A8BC2872C33A7FE00200875 /* KeychainManager.swift */,
			);
			path = Utils;
			sourceTree = "<group>";
		};
		6ADA4F232C310C540057C65D = {
			isa = PBXGroup;
			children = (
				6ADA4F2E2C310C540057C65D /* MarkStream */,
				6ADA4F452C310C560057C65D /* MarkStreamTests */,
				6ADA4F4F2C310C560057C65D /* MarkStreamUITests */,
				6ADA4F2D2C310C540057C65D /* Products */,
				1EFEB3CD4F82E1E41E4D2F29 /* Pods */,
				E11114792E1B23E2065E0A66 /* Frameworks */,
			);
			sourceTree = "<group>";
		};
		6ADA4F2D2C310C540057C65D /* Products */ = {
			isa = PBXGroup;
			children = (
				6ADA4F2C2C310C540057C65D /* MarkStream.app */,
				6ADA4F422C310C560057C65D /* MarkStreamTests.xctest */,
				6ADA4F4C2C310C560057C65D /* MarkStreamUITests.xctest */,
			);
			name = Products;
			sourceTree = "<group>";
		};
		6ADA4F2E2C310C540057C65D /* MarkStream */ = {
			isa = PBXGroup;
			children = (
				6A8BC28F2C36509A00200875 /* local.config */,
				6A8BC2852C33A65F00200875 /* MainEntryView */,
				6AFE8B072C37872800505FB4 /* HelperViews */,
				6ADA4F312C310C540057C65D /* Persistence.swift */,
				6ADA4F2F2C310C540057C65D /* MarkStreamApp.swift */,
				6ADA4F3A2C310C550057C65D /* MarkStream.entitlements */,
				6ADA4F332C310C540057C65D /* MarkStream.xcdatamodeld */,
				6ADA4F382C310C550057C65D /* Assets.xcassets */,
				6ADA4F5F2C310E3C0057C65D /* ServerRequester */,
				6A8BC2862C33A7EF00200875 /* Utils */,
				6ADA4F3B2C310C550057C65D /* Preview Content */,
			);
			path = MarkStream;
			sourceTree = "<group>";
		};
		6ADA4F3B2C310C550057C65D /* Preview Content */ = {
			isa = PBXGroup;
			children = (
				6ADA4F3C2C310C550057C65D /* Preview Assets.xcassets */,
			);
			path = "Preview Content";
			sourceTree = "<group>";
		};
		6ADA4F452C310C560057C65D /* MarkStreamTests */ = {
			isa = PBXGroup;
			children = (
				6ADA4F462C310C560057C65D /* MarkStreamTests.swift */,
				6AF76F4A2C311468000F58B8 /* TokenGranterTests.swift */,
			);
			path = MarkStreamTests;
			sourceTree = "<group>";
		};
		6ADA4F4F2C310C560057C65D /* MarkStreamUITests */ = {
			isa = PBXGroup;
			children = (
				6ADA4F502C310C560057C65D /* MarkStreamUITests.swift */,
				6ADA4F522C310C560057C65D /* MarkStreamUITestsLaunchTests.swift */,
			);
			path = MarkStreamUITests;
			sourceTree = "<group>";
		};
		6ADA4F5F2C310E3C0057C65D /* ServerRequester */ = {
			isa = PBXGroup;
			children = (
				6ADA4F602C310E5A0057C65D /* TokenGranter.swift */,
				6A8BC2892C33AF3500200875 /* ObsidianRequester.swift */,
			);
			path = ServerRequester;
			sourceTree = "<group>";
		};
		6AFE8B072C37872800505FB4 /* HelperViews */ = {
			isa = PBXGroup;
			children = (
				6AFE8B082C37875A00505FB4 /* LoadingView.swift */,
			);
			path = HelperViews;
			sourceTree = "<group>";
		};
		E11114792E1B23E2065E0A66 /* Frameworks */ = {
			isa = PBXGroup;
			children = (
				6AF76F502C311611000F58B8 /* Alamofire.framework */,
				6AF76F4C2C311608000F58B8 /* Alamofire.framework */,
				5A54FCEA6ED7B3EFC2162CFD /* Pods_MarkStream.framework */,
				D27809D0FB8BF2A33A1821AF /* Pods_MarkStream_MarkStreamUITests.framework */,
				307F8E4592169F875B6DB278 /* Pods_MarkStreamTests.framework */,
			);
			name = Frameworks;
			sourceTree = "<group>";
		};
/* End PBXGroup section */

/* Begin PBXNativeTarget section */
		6ADA4F2B2C310C540057C65D /* MarkStream */ = {
			isa = PBXNativeTarget;
			buildConfigurationList = 6ADA4F562C310C560057C65D /* Build configuration list for PBXNativeTarget "MarkStream" */;
			buildPhases = (
				D3AE2377E2BDFE97275434A0 /* [CP] Check Pods Manifest.lock */,
				6ADA4F282C310C540057C65D /* Sources */,
				6ADA4F292C310C540057C65D /* Frameworks */,
				6ADA4F2A2C310C540057C65D /* Resources */,
				035B48C4D538C95A8DECB1EE /* [CP] Embed Pods Frameworks */,
			);
			buildRules = (
			);
			dependencies = (
			);
			name = MarkStream;
			productName = MarkStream;
			productReference = 6ADA4F2C2C310C540057C65D /* MarkStream.app */;
			productType = "com.apple.product-type.application";
		};
		6ADA4F412C310C560057C65D /* MarkStreamTests */ = {
			isa = PBXNativeTarget;
			buildConfigurationList = 6ADA4F592C310C560057C65D /* Build configuration list for PBXNativeTarget "MarkStreamTests" */;
			buildPhases = (
				BA7C7C40894A9B481BDE1CF8 /* [CP] Check Pods Manifest.lock */,
				6ADA4F3E2C310C560057C65D /* Sources */,
				6ADA4F3F2C310C560057C65D /* Frameworks */,
				6ADA4F402C310C560057C65D /* Resources */,
			);
			buildRules = (
			);
			dependencies = (
				6ADA4F442C310C560057C65D /* PBXTargetDependency */,
			);
			name = MarkStreamTests;
			productName = MarkStreamTests;
			productReference = 6ADA4F422C310C560057C65D /* MarkStreamTests.xctest */;
			productType = "com.apple.product-type.bundle.unit-test";
		};
		6ADA4F4B2C310C560057C65D /* MarkStreamUITests */ = {
			isa = PBXNativeTarget;
			buildConfigurationList = 6ADA4F5C2C310C560057C65D /* Build configuration list for PBXNativeTarget "MarkStreamUITests" */;
			buildPhases = (
				BBA20EE4F0D5F7E0DDF2744D /* [CP] Check Pods Manifest.lock */,
				6ADA4F482C310C560057C65D /* Sources */,
				6ADA4F492C310C560057C65D /* Frameworks */,
				6ADA4F4A2C310C560057C65D /* Resources */,
				114037B36D56C962B986CAF0 /* [CP] Embed Pods Frameworks */,
			);
			buildRules = (
			);
			dependencies = (
				6ADA4F4E2C310C560057C65D /* PBXTargetDependency */,
			);
			name = MarkStreamUITests;
			productName = MarkStreamUITests;
			productReference = 6ADA4F4C2C310C560057C65D /* MarkStreamUITests.xctest */;
			productType = "com.apple.product-type.bundle.ui-testing";
		};
/* End PBXNativeTarget section */

/* Begin PBXProject section */
		6ADA4F242C310C540057C65D /* Project object */ = {
			isa = PBXProject;
			attributes = {
				BuildIndependentTargetsInParallel = 1;
				LastSwiftUpdateCheck = 1500;
				LastUpgradeCheck = 1500;
				TargetAttributes = {
					6ADA4F2B2C310C540057C65D = {
						CreatedOnToolsVersion = 15.0.1;
					};
					6ADA4F412C310C560057C65D = {
						CreatedOnToolsVersion = 15.0.1;
						TestTargetID = 6ADA4F2B2C310C540057C65D;
					};
					6ADA4F4B2C310C560057C65D = {
						CreatedOnToolsVersion = 15.0.1;
						TestTargetID = 6ADA4F2B2C310C540057C65D;
					};
				};
			};
			buildConfigurationList = 6ADA4F272C310C540057C65D /* Build configuration list for PBXProject "MarkStream" */;
			compatibilityVersion = "Xcode 14.0";
			developmentRegion = en;
			hasScannedForEncodings = 0;
			knownRegions = (
				en,
				Base,
			);
			mainGroup = 6ADA4F232C310C540057C65D;
			productRefGroup = 6ADA4F2D2C310C540057C65D /* Products */;
			projectDirPath = "";
			projectRoot = "";
			targets = (
				6ADA4F2B2C310C540057C65D /* MarkStream */,
				6ADA4F412C310C560057C65D /* MarkStreamTests */,
				6ADA4F4B2C310C560057C65D /* MarkStreamUITests */,
			);
		};
/* End PBXProject section */

/* Begin PBXResourcesBuildPhase section */
		6ADA4F2A2C310C540057C65D /* Resources */ = {
			isa = PBXResourcesBuildPhase;
			buildActionMask = 2147483647;
			files = (
				6ADA4F3D2C310C550057C65D /* Preview Assets.xcassets in Resources */,
				6ADA4F392C310C550057C65D /* Assets.xcassets in Resources */,
			);
			runOnlyForDeploymentPostprocessing = 0;
		};
		6ADA4F402C310C560057C65D /* Resources */ = {
			isa = PBXResourcesBuildPhase;
			buildActionMask = 2147483647;
			files = (
			);
			runOnlyForDeploymentPostprocessing = 0;
		};
		6ADA4F4A2C310C560057C65D /* Resources */ = {
			isa = PBXResourcesBuildPhase;
			buildActionMask = 2147483647;
			files = (
			);
			runOnlyForDeploymentPostprocessing = 0;
		};
/* End PBXResourcesBuildPhase section */

/* Begin PBXShellScriptBuildPhase section */
		035B48C4D538C95A8DECB1EE /* [CP] Embed Pods Frameworks */ = {
			isa = PBXShellScriptBuildPhase;
			buildActionMask = 2147483647;
			files = (
			);
			inputFileListPaths = (
				"${PODS_ROOT}/Target Support Files/Pods-MarkStream/Pods-MarkStream-frameworks-${CONFIGURATION}-input-files.xcfilelist",
			);
			name = "[CP] Embed Pods Frameworks";
			outputFileListPaths = (
				"${PODS_ROOT}/Target Support Files/Pods-MarkStream/Pods-MarkStream-frameworks-${CONFIGURATION}-output-files.xcfilelist",
			);
			runOnlyForDeploymentPostprocessing = 0;
			shellPath = /bin/sh;
			shellScript = "\"${PODS_ROOT}/Target Support Files/Pods-MarkStream/Pods-MarkStream-frameworks.sh\"\n";
			showEnvVarsInLog = 0;
		};
		114037B36D56C962B986CAF0 /* [CP] Embed Pods Frameworks */ = {
			isa = PBXShellScriptBuildPhase;
			buildActionMask = 2147483647;
			files = (
			);
			inputFileListPaths = (
				"${PODS_ROOT}/Target Support Files/Pods-MarkStream-MarkStreamUITests/Pods-MarkStream-MarkStreamUITests-frameworks-${CONFIGURATION}-input-files.xcfilelist",
			);
			name = "[CP] Embed Pods Frameworks";
			outputFileListPaths = (
				"${PODS_ROOT}/Target Support Files/Pods-MarkStream-MarkStreamUITests/Pods-MarkStream-MarkStreamUITests-frameworks-${CONFIGURATION}-output-files.xcfilelist",
			);
			runOnlyForDeploymentPostprocessing = 0;
			shellPath = /bin/sh;
			shellScript = "\"${PODS_ROOT}/Target Support Files/Pods-MarkStream-MarkStreamUITests/Pods-MarkStream-MarkStreamUITests-frameworks.sh\"\n";
			showEnvVarsInLog = 0;
		};
		BA7C7C40894A9B481BDE1CF8 /* [CP] Check Pods Manifest.lock */ = {
			isa = PBXShellScriptBuildPhase;
			buildActionMask = 2147483647;
			files = (
			);
			inputFileListPaths = (
			);
			inputPaths = (
				"${PODS_PODFILE_DIR_PATH}/Podfile.lock",
				"${PODS_ROOT}/Manifest.lock",
			);
			name = "[CP] Check Pods Manifest.lock";
			outputFileListPaths = (
			);
			outputPaths = (
				"$(DERIVED_FILE_DIR)/Pods-MarkStreamTests-checkManifestLockResult.txt",
			);
			runOnlyForDeploymentPostprocessing = 0;
			shellPath = /bin/sh;
			shellScript = "diff \"${PODS_PODFILE_DIR_PATH}/Podfile.lock\" \"${PODS_ROOT}/Manifest.lock\" > /dev/null\nif [ $? != 0 ] ; then\n    # print error to STDERR\n    echo \"error: The sandbox is not in sync with the Podfile.lock. Run 'pod install' or update your CocoaPods installation.\" >&2\n    exit 1\nfi\n# This output is used by Xcode 'outputs' to avoid re-running this script phase.\necho \"SUCCESS\" > \"${SCRIPT_OUTPUT_FILE_0}\"\n";
			showEnvVarsInLog = 0;
		};
		BBA20EE4F0D5F7E0DDF2744D /* [CP] Check Pods Manifest.lock */ = {
			isa = PBXShellScriptBuildPhase;
			buildActionMask = 2147483647;
			files = (
			);
			inputFileListPaths = (
			);
			inputPaths = (
				"${PODS_PODFILE_DIR_PATH}/Podfile.lock",
				"${PODS_ROOT}/Manifest.lock",
			);
			name = "[CP] Check Pods Manifest.lock";
			outputFileListPaths = (
			);
			outputPaths = (
				"$(DERIVED_FILE_DIR)/Pods-MarkStream-MarkStreamUITests-checkManifestLockResult.txt",
			);
			runOnlyForDeploymentPostprocessing = 0;
			shellPath = /bin/sh;
			shellScript = "diff \"${PODS_PODFILE_DIR_PATH}/Podfile.lock\" \"${PODS_ROOT}/Manifest.lock\" > /dev/null\nif [ $? != 0 ] ; then\n    # print error to STDERR\n    echo \"error: The sandbox is not in sync with the Podfile.lock. Run 'pod install' or update your CocoaPods installation.\" >&2\n    exit 1\nfi\n# This output is used by Xcode 'outputs' to avoid re-running this script phase.\necho \"SUCCESS\" > \"${SCRIPT_OUTPUT_FILE_0}\"\n";
			showEnvVarsInLog = 0;
		};
		D3AE2377E2BDFE97275434A0 /* [CP] Check Pods Manifest.lock */ = {
			isa = PBXShellScriptBuildPhase;
			buildActionMask = 2147483647;
			files = (
			);
			inputFileListPaths = (
			);
			inputPaths = (
				"${PODS_PODFILE_DIR_PATH}/Podfile.lock",
				"${PODS_ROOT}/Manifest.lock",
			);
			name = "[CP] Check Pods Manifest.lock";
			outputFileListPaths = (
			);
			outputPaths = (
				"$(DERIVED_FILE_DIR)/Pods-MarkStream-checkManifestLockResult.txt",
			);
			runOnlyForDeploymentPostprocessing = 0;
			shellPath = /bin/sh;
			shellScript = "diff \"${PODS_PODFILE_DIR_PATH}/Podfile.lock\" \"${PODS_ROOT}/Manifest.lock\" > /dev/null\nif [ $? != 0 ] ; then\n    # print error to STDERR\n    echo \"error: The sandbox is not in sync with the Podfile.lock. Run 'pod install' or update your CocoaPods installation.\" >&2\n    exit 1\nfi\n# This output is used by Xcode 'outputs' to avoid re-running this script phase.\necho \"SUCCESS\" > \"${SCRIPT_OUTPUT_FILE_0}\"\n";
			showEnvVarsInLog = 0;
		};
/* End PBXShellScriptBuildPhase section */

/* Begin PBXSourcesBuildPhase section */
		6ADA4F282C310C540057C65D /* Sources */ = {
			isa = PBXSourcesBuildPhase;
			buildActionMask = 2147483647;
			files = (
				6ADA4F612C310E5A0057C65D /* TokenGranter.swift in Sources */,
				6A37D5172C3771D0002AFD0A /* MarkdownFileContentView.swift in Sources */,
				6A8BC2842C337D3B00200875 /* MainView.swift in Sources */,
				6A8BC2882C33A7FE00200875 /* KeychainManager.swift in Sources */,
				6AFE8B062C377DAC00505FB4 /* MarkdownContentCodeBlockView.swift in Sources */,
				6A37D51C2C377440002AFD0A /* MarkdownContentOtherView.swift in Sources */,
				6A37D5152C376FB9002AFD0A /* MarkdownFileHeaderView.swift in Sources */,
				6A8BC28A2C33AF3500200875 /* ObsidianRequester.swift in Sources */,
				6AFE8B092C37875A00505FB4 /* LoadingView.swift in Sources */,
				6ADA4F302C310C540057C65D /* MarkStreamApp.swift in Sources */,
				6A37D51A2C3773E3002AFD0A /* MarkdownContentListView.swift in Sources */,
				6ADA4F352C310C540057C65D /* MarkStream.xcdatamodeld in Sources */,
				6ADA4F372C310C540057C65D /* LoginView.swift in Sources */,
				6ADA4F322C310C540057C65D /* Persistence.swift in Sources */,
				6A37D5132C376FA7002AFD0A /* MarkdownFileView.swift in Sources */,
			);
			runOnlyForDeploymentPostprocessing = 0;
		};
		6ADA4F3E2C310C560057C65D /* Sources */ = {
			isa = PBXSourcesBuildPhase;
			buildActionMask = 2147483647;
			files = (
				6A8BC2992C365AF100200875 /* TokenGranterTests.swift in Sources */,
				6ADA4F472C310C560057C65D /* MarkStreamTests.swift in Sources */,
				6ADA4F622C310E5A0057C65D /* TokenGranter.swift in Sources */,
				6A8BC2912C3651B000200875 /* ObsidianRequester.swift in Sources */,
				6A8BC2922C3651B300200875 /* KeychainManager.swift in Sources */,
			);
			runOnlyForDeploymentPostprocessing = 0;
		};
		6ADA4F482C310C560057C65D /* Sources */ = {
			isa = PBXSourcesBuildPhase;
			buildActionMask = 2147483647;
			files = (
				6ADA4F512C310C560057C65D /* MarkStreamUITests.swift in Sources */,
				6ADA4F532C310C560057C65D /* MarkStreamUITestsLaunchTests.swift in Sources */,
			);
			runOnlyForDeploymentPostprocessing = 0;
		};
/* End PBXSourcesBuildPhase section */

/* Begin PBXTargetDependency section */
		6ADA4F442C310C560057C65D /* PBXTargetDependency */ = {
			isa = PBXTargetDependency;
			target = 6ADA4F2B2C310C540057C65D /* MarkStream */;
			targetProxy = 6ADA4F432C310C560057C65D /* PBXContainerItemProxy */;
		};
		6ADA4F4E2C310C560057C65D /* PBXTargetDependency */ = {
			isa = PBXTargetDependency;
			target = 6ADA4F2B2C310C540057C65D /* MarkStream */;
			targetProxy = 6ADA4F4D2C310C560057C65D /* PBXContainerItemProxy */;
		};
/* End PBXTargetDependency section */

/* Begin XCBuildConfiguration section */
		6ADA4F542C310C560057C65D /* Debug */ = {
			isa = XCBuildConfiguration;
			buildSettings = {
				ALWAYS_SEARCH_USER_PATHS = NO;
				ASSETCATALOG_COMPILER_GENERATE_SWIFT_ASSET_SYMBOL_EXTENSIONS = YES;
				CLANG_ANALYZER_NONNULL = YES;
				CLANG_ANALYZER_NUMBER_OBJECT_CONVERSION = YES_AGGRESSIVE;
				CLANG_CXX_LANGUAGE_STANDARD = "gnu++20";
				CLANG_ENABLE_MODULES = YES;
				CLANG_ENABLE_OBJC_ARC = YES;
				CLANG_ENABLE_OBJC_WEAK = YES;
				CLANG_WARN_BLOCK_CAPTURE_AUTORELEASING = YES;
				CLANG_WARN_BOOL_CONVERSION = YES;
				CLANG_WARN_COMMA = YES;
				CLANG_WARN_CONSTANT_CONVERSION = YES;
				CLANG_WARN_DEPRECATED_OBJC_IMPLEMENTATIONS = YES;
				CLANG_WARN_DIRECT_OBJC_ISA_USAGE = YES_ERROR;
				CLANG_WARN_DOCUMENTATION_COMMENTS = YES;
				CLANG_WARN_EMPTY_BODY = YES;
				CLANG_WARN_ENUM_CONVERSION = YES;
				CLANG_WARN_INFINITE_RECURSION = YES;
				CLANG_WARN_INT_CONVERSION = YES;
				CLANG_WARN_NON_LITERAL_NULL_CONVERSION = YES;
				CLANG_WARN_OBJC_IMPLICIT_RETAIN_SELF = YES;
				CLANG_WARN_OBJC_LITERAL_CONVERSION = YES;
				CLANG_WARN_OBJC_ROOT_CLASS = YES_ERROR;
				CLANG_WARN_QUOTED_INCLUDE_IN_FRAMEWORK_HEADER = YES;
				CLANG_WARN_RANGE_LOOP_ANALYSIS = YES;
				CLANG_WARN_STRICT_PROTOTYPES = YES;
				CLANG_WARN_SUSPICIOUS_MOVE = YES;
				CLANG_WARN_UNGUARDED_AVAILABILITY = YES_AGGRESSIVE;
				CLANG_WARN_UNREACHABLE_CODE = YES;
				CLANG_WARN__DUPLICATE_METHOD_MATCH = YES;
				COPY_PHASE_STRIP = NO;
				DEBUG_INFORMATION_FORMAT = dwarf;
				ENABLE_STRICT_OBJC_MSGSEND = YES;
				ENABLE_TESTABILITY = YES;
				ENABLE_USER_SCRIPT_SANDBOXING = NO;
				GCC_C_LANGUAGE_STANDARD = gnu17;
				GCC_DYNAMIC_NO_PIC = NO;
				GCC_NO_COMMON_BLOCKS = YES;
				GCC_OPTIMIZATION_LEVEL = 0;
				GCC_PREPROCESSOR_DEFINITIONS = (
					"DEBUG=1",
					"$(inherited)",
				);
				GCC_WARN_64_TO_32_BIT_CONVERSION = YES;
				GCC_WARN_ABOUT_RETURN_TYPE = YES_ERROR;
				GCC_WARN_UNDECLARED_SELECTOR = YES;
				GCC_WARN_UNINITIALIZED_AUTOS = YES_AGGRESSIVE;
				GCC_WARN_UNUSED_FUNCTION = YES;
				GCC_WARN_UNUSED_VARIABLE = YES;
				LOCALIZATION_PREFERS_STRING_CATALOGS = YES;
				MTL_ENABLE_DEBUG_INFO = INCLUDE_SOURCE;
				MTL_FAST_MATH = YES;
				ONLY_ACTIVE_ARCH = YES;
				SWIFT_ACTIVE_COMPILATION_CONDITIONS = "DEBUG $(inherited)";
				SWIFT_OPTIMIZATION_LEVEL = "-Onone";
			};
			name = Debug;
		};
		6ADA4F552C310C560057C65D /* Release */ = {
			isa = XCBuildConfiguration;
			buildSettings = {
				ALWAYS_SEARCH_USER_PATHS = NO;
				ASSETCATALOG_COMPILER_GENERATE_SWIFT_ASSET_SYMBOL_EXTENSIONS = YES;
				CLANG_ANALYZER_NONNULL = YES;
				CLANG_ANALYZER_NUMBER_OBJECT_CONVERSION = YES_AGGRESSIVE;
				CLANG_CXX_LANGUAGE_STANDARD = "gnu++20";
				CLANG_ENABLE_MODULES = YES;
				CLANG_ENABLE_OBJC_ARC = YES;
				CLANG_ENABLE_OBJC_WEAK = YES;
				CLANG_WARN_BLOCK_CAPTURE_AUTORELEASING = YES;
				CLANG_WARN_BOOL_CONVERSION = YES;
				CLANG_WARN_COMMA = YES;
				CLANG_WARN_CONSTANT_CONVERSION = YES;
				CLANG_WARN_DEPRECATED_OBJC_IMPLEMENTATIONS = YES;
				CLANG_WARN_DIRECT_OBJC_ISA_USAGE = YES_ERROR;
				CLANG_WARN_DOCUMENTATION_COMMENTS = YES;
				CLANG_WARN_EMPTY_BODY = YES;
				CLANG_WARN_ENUM_CONVERSION = YES;
				CLANG_WARN_INFINITE_RECURSION = YES;
				CLANG_WARN_INT_CONVERSION = YES;
				CLANG_WARN_NON_LITERAL_NULL_CONVERSION = YES;
				CLANG_WARN_OBJC_IMPLICIT_RETAIN_SELF = YES;
				CLANG_WARN_OBJC_LITERAL_CONVERSION = YES;
				CLANG_WARN_OBJC_ROOT_CLASS = YES_ERROR;
				CLANG_WARN_QUOTED_INCLUDE_IN_FRAMEWORK_HEADER = YES;
				CLANG_WARN_RANGE_LOOP_ANALYSIS = YES;
				CLANG_WARN_STRICT_PROTOTYPES = YES;
				CLANG_WARN_SUSPICIOUS_MOVE = YES;
				CLANG_WARN_UNGUARDED_AVAILABILITY = YES_AGGRESSIVE;
				CLANG_WARN_UNREACHABLE_CODE = YES;
				CLANG_WARN__DUPLICATE_METHOD_MATCH = YES;
				COPY_PHASE_STRIP = NO;
				DEBUG_INFORMATION_FORMAT = "dwarf-with-dsym";
				ENABLE_NS_ASSERTIONS = NO;
				ENABLE_STRICT_OBJC_MSGSEND = YES;
				ENABLE_USER_SCRIPT_SANDBOXING = NO;
				GCC_C_LANGUAGE_STANDARD = gnu17;
				GCC_NO_COMMON_BLOCKS = YES;
				GCC_WARN_64_TO_32_BIT_CONVERSION = YES;
				GCC_WARN_ABOUT_RETURN_TYPE = YES_ERROR;
				GCC_WARN_UNDECLARED_SELECTOR = YES;
				GCC_WARN_UNINITIALIZED_AUTOS = YES_AGGRESSIVE;
				GCC_WARN_UNUSED_FUNCTION = YES;
				GCC_WARN_UNUSED_VARIABLE = YES;
				LOCALIZATION_PREFERS_STRING_CATALOGS = YES;
				MTL_ENABLE_DEBUG_INFO = NO;
				MTL_FAST_MATH = YES;
				SWIFT_COMPILATION_MODE = wholemodule;
			};
			name = Release;
		};
		6ADA4F572C310C560057C65D /* Debug */ = {
			isa = XCBuildConfiguration;
			baseConfigurationReference = 806582BC9DF8465D37EAE670 /* Pods-MarkStream.debug.xcconfig */;
			buildSettings = {
				ASSETCATALOG_COMPILER_APPICON_NAME = AppIcon;
				ASSETCATALOG_COMPILER_GLOBAL_ACCENT_COLOR_NAME = AccentColor;
				CODE_SIGN_ENTITLEMENTS = MarkStream/MarkStream.entitlements;
				CODE_SIGN_STYLE = Automatic;
				CURRENT_PROJECT_VERSION = 1;
				DEVELOPMENT_ASSET_PATHS = "\"MarkStream/Preview Content\"";
				DEVELOPMENT_TEAM = 88S7TP3NVK;
				ENABLE_HARDENED_RUNTIME = YES;
				ENABLE_PREVIEWS = YES;
				GENERATE_INFOPLIST_FILE = YES;
				"INFOPLIST_KEY_UIApplicationSceneManifest_Generation[sdk=iphoneos*]" = YES;
				"INFOPLIST_KEY_UIApplicationSceneManifest_Generation[sdk=iphonesimulator*]" = YES;
				"INFOPLIST_KEY_UIApplicationSupportsIndirectInputEvents[sdk=iphoneos*]" = YES;
				"INFOPLIST_KEY_UIApplicationSupportsIndirectInputEvents[sdk=iphonesimulator*]" = YES;
				"INFOPLIST_KEY_UILaunchScreen_Generation[sdk=iphoneos*]" = YES;
				"INFOPLIST_KEY_UILaunchScreen_Generation[sdk=iphonesimulator*]" = YES;
				"INFOPLIST_KEY_UIStatusBarStyle[sdk=iphoneos*]" = UIStatusBarStyleDefault;
				"INFOPLIST_KEY_UIStatusBarStyle[sdk=iphonesimulator*]" = UIStatusBarStyleDefault;
				INFOPLIST_KEY_UISupportedInterfaceOrientations_iPad = "UIInterfaceOrientationPortrait UIInterfaceOrientationPortraitUpsideDown UIInterfaceOrientationLandscapeLeft UIInterfaceOrientationLandscapeRight";
				INFOPLIST_KEY_UISupportedInterfaceOrientations_iPhone = "UIInterfaceOrientationPortrait UIInterfaceOrientationLandscapeLeft UIInterfaceOrientationLandscapeRight";
				IPHONEOS_DEPLOYMENT_TARGET = 17.0;
				LD_RUNPATH_SEARCH_PATHS = "@executable_path/Frameworks";
				"LD_RUNPATH_SEARCH_PATHS[sdk=macosx*]" = "@executable_path/../Frameworks";
				MACOSX_DEPLOYMENT_TARGET = 14.0;
				MARKETING_VERSION = 1.0;
				PRODUCT_BUNDLE_IDENTIFIER = Ghaz.MarkStream;
				PRODUCT_NAME = "$(TARGET_NAME)";
				SDKROOT = iphoneos;
				SUPPORTED_PLATFORMS = "iphonesimulator iphoneos";
				SWIFT_EMIT_LOC_STRINGS = YES;
				SWIFT_VERSION = 5.0;
				TARGETED_DEVICE_FAMILY = "1,2";
			};
			name = Debug;
		};
		6ADA4F582C310C560057C65D /* Release */ = {
			isa = XCBuildConfiguration;
			baseConfigurationReference = AF9879899CFE69097BE6A6C4 /* Pods-MarkStream.release.xcconfig */;
			buildSettings = {
				ASSETCATALOG_COMPILER_APPICON_NAME = AppIcon;
				ASSETCATALOG_COMPILER_GLOBAL_ACCENT_COLOR_NAME = AccentColor;
				CODE_SIGN_ENTITLEMENTS = MarkStream/MarkStream.entitlements;
				CODE_SIGN_STYLE = Automatic;
				CURRENT_PROJECT_VERSION = 1;
				DEVELOPMENT_ASSET_PATHS = "\"MarkStream/Preview Content\"";
				DEVELOPMENT_TEAM = 88S7TP3NVK;
				ENABLE_HARDENED_RUNTIME = YES;
				ENABLE_PREVIEWS = YES;
				GENERATE_INFOPLIST_FILE = YES;
				"INFOPLIST_KEY_UIApplicationSceneManifest_Generation[sdk=iphoneos*]" = YES;
				"INFOPLIST_KEY_UIApplicationSceneManifest_Generation[sdk=iphonesimulator*]" = YES;
				"INFOPLIST_KEY_UIApplicationSupportsIndirectInputEvents[sdk=iphoneos*]" = YES;
				"INFOPLIST_KEY_UIApplicationSupportsIndirectInputEvents[sdk=iphonesimulator*]" = YES;
				"INFOPLIST_KEY_UILaunchScreen_Generation[sdk=iphoneos*]" = YES;
				"INFOPLIST_KEY_UILaunchScreen_Generation[sdk=iphonesimulator*]" = YES;
				"INFOPLIST_KEY_UIStatusBarStyle[sdk=iphoneos*]" = UIStatusBarStyleDefault;
				"INFOPLIST_KEY_UIStatusBarStyle[sdk=iphonesimulator*]" = UIStatusBarStyleDefault;
				INFOPLIST_KEY_UISupportedInterfaceOrientations_iPad = "UIInterfaceOrientationPortrait UIInterfaceOrientationPortraitUpsideDown UIInterfaceOrientationLandscapeLeft UIInterfaceOrientationLandscapeRight";
				INFOPLIST_KEY_UISupportedInterfaceOrientations_iPhone = "UIInterfaceOrientationPortrait UIInterfaceOrientationLandscapeLeft UIInterfaceOrientationLandscapeRight";
				IPHONEOS_DEPLOYMENT_TARGET = 17.0;
				LD_RUNPATH_SEARCH_PATHS = "@executable_path/Frameworks";
				"LD_RUNPATH_SEARCH_PATHS[sdk=macosx*]" = "@executable_path/../Frameworks";
				MACOSX_DEPLOYMENT_TARGET = 14.0;
				MARKETING_VERSION = 1.0;
				PRODUCT_BUNDLE_IDENTIFIER = Ghaz.MarkStream;
				PRODUCT_NAME = "$(TARGET_NAME)";
				SDKROOT = iphoneos;
				SUPPORTED_PLATFORMS = "iphonesimulator iphoneos";
				SWIFT_EMIT_LOC_STRINGS = YES;
				SWIFT_VERSION = 5.0;
				TARGETED_DEVICE_FAMILY = "1,2";
			};
			name = Release;
		};
		6ADA4F5A2C310C560057C65D /* Debug */ = {
			isa = XCBuildConfiguration;
			baseConfigurationReference = 15AA06276152C7CEDBAC5B4F /* Pods-MarkStreamTests.debug.xcconfig */;
			buildSettings = {
				BUNDLE_LOADER = "$(TEST_HOST)";
				CODE_SIGN_STYLE = Automatic;
				CURRENT_PROJECT_VERSION = 1;
				DEVELOPMENT_TEAM = 88S7TP3NVK;
				GENERATE_INFOPLIST_FILE = YES;
				IPHONEOS_DEPLOYMENT_TARGET = 17.0;
				MACOSX_DEPLOYMENT_TARGET = 14.0;
				MARKETING_VERSION = 1.0;
				PRODUCT_BUNDLE_IDENTIFIER = Ghaz.MarkStreamTests;
				PRODUCT_NAME = "$(TARGET_NAME)";
				SDKROOT = auto;
				SUPPORTED_PLATFORMS = "iphoneos iphonesimulator macosx";
				SWIFT_EMIT_LOC_STRINGS = NO;
				SWIFT_VERSION = 5.0;
				TARGETED_DEVICE_FAMILY = "1,2";
				TEST_HOST = "$(BUILT_PRODUCTS_DIR)/MarkStream.app/$(BUNDLE_EXECUTABLE_FOLDER_PATH)/MarkStream";
			};
			name = Debug;
		};
		6ADA4F5B2C310C560057C65D /* Release */ = {
			isa = XCBuildConfiguration;
			baseConfigurationReference = A182CC4C7CB8942A6458E17E /* Pods-MarkStreamTests.release.xcconfig */;
			buildSettings = {
				BUNDLE_LOADER = "$(TEST_HOST)";
				CODE_SIGN_STYLE = Automatic;
				CURRENT_PROJECT_VERSION = 1;
				DEVELOPMENT_TEAM = 88S7TP3NVK;
				GENERATE_INFOPLIST_FILE = YES;
				IPHONEOS_DEPLOYMENT_TARGET = 17.0;
				MACOSX_DEPLOYMENT_TARGET = 14.0;
				MARKETING_VERSION = 1.0;
				PRODUCT_BUNDLE_IDENTIFIER = Ghaz.MarkStreamTests;
				PRODUCT_NAME = "$(TARGET_NAME)";
				SDKROOT = auto;
				SUPPORTED_PLATFORMS = "iphoneos iphonesimulator macosx";
				SWIFT_EMIT_LOC_STRINGS = NO;
				SWIFT_VERSION = 5.0;
				TARGETED_DEVICE_FAMILY = "1,2";
				TEST_HOST = "$(BUILT_PRODUCTS_DIR)/MarkStream.app/$(BUNDLE_EXECUTABLE_FOLDER_PATH)/MarkStream";
			};
			name = Release;
		};
		6ADA4F5D2C310C560057C65D /* Debug */ = {
			isa = XCBuildConfiguration;
			baseConfigurationReference = 48B428BFD14EBCAE45E4E651 /* Pods-MarkStream-MarkStreamUITests.debug.xcconfig */;
			buildSettings = {
				ALWAYS_EMBED_SWIFT_STANDARD_LIBRARIES = YES;
				CODE_SIGN_STYLE = Automatic;
				CURRENT_PROJECT_VERSION = 1;
				DEVELOPMENT_TEAM = 88S7TP3NVK;
				GENERATE_INFOPLIST_FILE = YES;
				IPHONEOS_DEPLOYMENT_TARGET = 17.0;
				MACOSX_DEPLOYMENT_TARGET = 14.0;
				MARKETING_VERSION = 1.0;
				PRODUCT_BUNDLE_IDENTIFIER = Ghaz.MarkStreamUITests;
				PRODUCT_NAME = "$(TARGET_NAME)";
				SDKROOT = auto;
				SUPPORTED_PLATFORMS = "iphoneos iphonesimulator macosx";
				SWIFT_EMIT_LOC_STRINGS = NO;
				SWIFT_VERSION = 5.0;
				TARGETED_DEVICE_FAMILY = "1,2";
				TEST_TARGET_NAME = MarkStream;
			};
			name = Debug;
		};
		6ADA4F5E2C310C560057C65D /* Release */ = {
			isa = XCBuildConfiguration;
			baseConfigurationReference = 821F68B22391712D4EE2D7BE /* Pods-MarkStream-MarkStreamUITests.release.xcconfig */;
			buildSettings = {
				ALWAYS_EMBED_SWIFT_STANDARD_LIBRARIES = YES;
				CODE_SIGN_STYLE = Automatic;
				CURRENT_PROJECT_VERSION = 1;
				DEVELOPMENT_TEAM = 88S7TP3NVK;
				GENERATE_INFOPLIST_FILE = YES;
				IPHONEOS_DEPLOYMENT_TARGET = 17.0;
				MACOSX_DEPLOYMENT_TARGET = 14.0;
				MARKETING_VERSION = 1.0;
				PRODUCT_BUNDLE_IDENTIFIER = Ghaz.MarkStreamUITests;
				PRODUCT_NAME = "$(TARGET_NAME)";
				SDKROOT = auto;
				SUPPORTED_PLATFORMS = "iphoneos iphonesimulator macosx";
				SWIFT_EMIT_LOC_STRINGS = NO;
				SWIFT_VERSION = 5.0;
				TARGETED_DEVICE_FAMILY = "1,2";
				TEST_TARGET_NAME = MarkStream;
			};
			name = Release;
		};
/* End XCBuildConfiguration section */

/* Begin XCConfigurationList section */
		6ADA4F272C310C540057C65D /* Build configuration list for PBXProject "MarkStream" */ = {
			isa = XCConfigurationList;
			buildConfigurations = (
				6ADA4F542C310C560057C65D /* Debug */,
				6ADA4F552C310C560057C65D /* Release */,
			);
			defaultConfigurationIsVisible = 0;
			defaultConfigurationName = Release;
		};
		6ADA4F562C310C560057C65D /* Build configuration list for PBXNativeTarget "MarkStream" */ = {
			isa = XCConfigurationList;
			buildConfigurations = (
				6ADA4F572C310C560057C65D /* Debug */,
				6ADA4F582C310C560057C65D /* Release */,
			);
			defaultConfigurationIsVisible = 0;
			defaultConfigurationName = Release;
		};
		6ADA4F592C310C560057C65D /* Build configuration list for PBXNativeTarget "MarkStreamTests" */ = {
			isa = XCConfigurationList;
			buildConfigurations = (
				6ADA4F5A2C310C560057C65D /* Debug */,
				6ADA4F5B2C310C560057C65D /* Release */,
			);
			defaultConfigurationIsVisible = 0;
			defaultConfigurationName = Release;
		};
		6ADA4F5C2C310C560057C65D /* Build configuration list for PBXNativeTarget "MarkStreamUITests" */ = {
			isa = XCConfigurationList;
			buildConfigurations = (
				6ADA4F5D2C310C560057C65D /* Debug */,
				6ADA4F5E2C310C560057C65D /* Release */,
			);
			defaultConfigurationIsVisible = 0;
			defaultConfigurationName = Release;
		};
/* End XCConfigurationList section */

/* Begin XCVersionGroup section */
		6ADA4F332C310C540057C65D /* MarkStream.xcdatamodeld */ = {
			isa = XCVersionGroup;
			children = (
				6ADA4F342C310C540057C65D /* MarkStream.xcdatamodel */,
			);
			currentVersion = 6ADA4F342C310C540057C65D /* MarkStream.xcdatamodel */;
			path = MarkStream.xcdatamodeld;
			sourceTree = "<group>";
			versionGroupType = wrapper.xcdatamodel;
		};
/* End XCVersionGroup section */
	};
	rootObject = 6ADA4F242C310C540057C65D /* Project object */;
}
